<Solution>
  <Folder Name="/src/">
    <Project Path="src/SecretSentry.BusinessLogic/SecretSentry.BusinessLogic.csproj" />
    <Project Path="src/SecretSentry.DataAccess/SecretSentry.DataAccess.csproj" />
    <Project Path="src/SecretSentry.Entities/SecretSentry.Entities.csproj" />
    <Project Path="src/SecretSentry.UI/SecretSentry.UI.csproj" />
  </Folder>
</Solution>
